
Microsoft Visual Studio Solution File, Format Version 12.00
# Visual Studio 14
VisualStudioVersion = 14.0.25420.1
MinimumVisualStudioVersion = 10.0.40219.1
Project("{F2A71F9B-5D33-465A-A702-920D77279786}") = "TravellingSalesman", "TravellingSalesman\TravellingSalesman.fsproj", "{10668835-A78E-4FCE-87A3-FDD3DD6BC6C2}"
EndProject
Global
	GlobalSection(SolutionConfigurationPlatforms) = preSolution
		Debug|Any CPU = Debug|Any CPU
		Release|Any CPU = Release|Any CPU
	EndGlobalSection
	GlobalSection(ProjectConfigurationPlatforms) = postSolution
		{10668835-A78E-4FCE-87A3-FDD3DD6BC6C2}.Debug|Any CPU.ActiveCfg = Debug|Any CPU
		{10668835-A78E-4FCE-87A3-FDD3DD6BC6C2}.Debug|Any CPU.Build.0 = Debug|Any CPU
		{10668835-A78E-4FCE-87A3-FDD3DD6BC6C2}.Release|Any CPU.ActiveCfg = Release|Any CPU
		{10668835-A78E-4FCE-87A3-FDD3DD6BC6C2}.Release|Any CPU.Build.0 = Release|Any CPU
	EndGlobalSection
	GlobalSection(SolutionProperties) = preSolution
		HideSolutionNode = FALSE
	EndGlobalSection
EndGlobal
